
Microsoft Visual Studio Solution File, Format Version 11.00
# Visual Studio 2010
Project("{FAE04EC0-301F-11D3-BF4B-00C04F79EFBC}") = "MajabajaGame", "MajabajaGame\MajabajaGame\MajabajaGame.csproj", "{956C168E-4685-4DF3-8522-AE93BE656C6C}"
EndProject
Project("{96E2B04D-8817-42C6-938A-82C39BA4D311}") = "MajabajaGameContent", "MajabajaGame\MajabajaGameContent\MajabajaGameContent.contentproj", "{319EC2B4-E0D1-438D-8CA2-8D97F90AB222}"
EndProject
Global
	GlobalSection(SolutionConfigurationPlatforms) = preSolution
		Debug|Windows Phone = Debug|Windows Phone
		Release|Windows Phone = Release|Windows Phone
	EndGlobalSection
	GlobalSection(ProjectConfigurationPlatforms) = postSolution
		{956C168E-4685-4DF3-8522-AE93BE656C6C}.Debug|Windows Phone.ActiveCfg = Debug|Windows Phone
		{956C168E-4685-4DF3-8522-AE93BE656C6C}.Debug|Windows Phone.Build.0 = Debug|Windows Phone
		{956C168E-4685-4DF3-8522-AE93BE656C6C}.Debug|Windows Phone.Deploy.0 = Debug|Windows Phone
		{956C168E-4685-4DF3-8522-AE93BE656C6C}.Release|Windows Phone.ActiveCfg = Release|Windows Phone
		{956C168E-4685-4DF3-8522-AE93BE656C6C}.Release|Windows Phone.Build.0 = Release|Windows Phone
		{956C168E-4685-4DF3-8522-AE93BE656C6C}.Release|Windows Phone.Deploy.0 = Release|Windows Phone
		{319EC2B4-E0D1-438D-8CA2-8D97F90AB222}.Debug|Windows Phone.ActiveCfg = Debug|Windows Phone
		{319EC2B4-E0D1-438D-8CA2-8D97F90AB222}.Release|Windows Phone.ActiveCfg = Release|Windows Phone
	EndGlobalSection
	GlobalSection(SolutionProperties) = preSolution
		HideSolutionNode = FALSE
	EndGlobalSection
EndGlobal
